
Microsoft Visual Studio Solution File, Format Version 12.00
# Visual Studio Version 16
VisualStudioVersion = 16.0.33927.289
MinimumVisualStudioVersion = 10.0.40219.1
Project("{2150E333-8FDC-42A3-9474-1A3956D46DE8}") = "Task1", "Task1", "{683325F5-8AE8-41DB-8653-172247FEDBEF}"
EndProject
Project("{FAE04EC0-301F-11D3-BF4B-00C04F79EFBC}") = "Tyuiu.MedvedevA.Sprint3.Task1.V13", "Tyuiu.MedvedevA.Sprint3.Task1.V13\Tyuiu.MedvedevA.Sprint3.Task1.V13.csproj", "{31CF5EEF-1E4F-41FC-A5E8-6B07352DDFC3}"
EndProject
Project("{FAE04EC0-301F-11D3-BF4B-00C04F79EFBC}") = "Tyuiu.MedvedevA.Sprint3.Task1.V13.Lib", "Tyuiu.MedvedevA.Sprint3.Task1.V13.Lib\Tyuiu.MedvedevA.Sprint3.Task1.V13.Lib.csproj", "{489D1037-13B3-4D8B-AC2A-E73E86424EF7}"
EndProject
Project("{FAE04EC0-301F-11D3-BF4B-00C04F79EFBC}") = "Tyuiu.MedvedevA.Sprint3.Task1.V13.Test", "Tyuiu.MedvedevA.Sprint3.Task1.V13.Test\Tyuiu.MedvedevA.Sprint3.Task1.V13.Test.csproj", "{4D31EAE3-489F-4662-977E-62858125EC26}"
EndProject
Project("{2150E333-8FDC-42A3-9474-1A3956D46DE8}") = "Task2", "Task2", "{75B0DD28-2B67-4195-99DF-081BEA498B33}"
EndProject
Project("{FAE04EC0-301F-11D3-BF4B-00C04F79EFBC}") = "Tyuiu.MedvedevA.Sprint3.Task2.V1", "Tyuiu.MedvedevA.Sprint3.Task2.V1\Tyuiu.MedvedevA.Sprint3.Task2.V1.csproj", "{54FC4307-05C5-48AC-BF91-8B5602B10278}"
EndProject
Project("{FAE04EC0-301F-11D3-BF4B-00C04F79EFBC}") = "Tyuiu.MedvedevA.Sprint3.Task2.V1.Lib", "Tyuiu.MedvedevA.Sprint3.Task2.V1.Lib\Tyuiu.MedvedevA.Sprint3.Task2.V1.Lib.csproj", "{BEA152AB-D609-423F-8C1B-F00B306B267B}"
EndProject
Project("{FAE04EC0-301F-11D3-BF4B-00C04F79EFBC}") = "Tyuiu.MedvedevA.Sprint3.Task2.V1.Test", "Tyuiu.MedvedevA.Sprint3.Task2.V1.Test\Tyuiu.MedvedevA.Sprint3.Task2.V1.Test.csproj", "{FE1685E0-7781-4331-AD24-3EBA49718EC0}"
EndProject
Project("{2150E333-8FDC-42A3-9474-1A3956D46DE8}") = "Task0", "Task0", "{9FCD9B38-DCFF-4962-B0B9-DD8192F4F607}"
EndProject
Project("{FAE04EC0-301F-11D3-BF4B-00C04F79EFBC}") = "Tyuiu.MedvedevA.Sprint3.Task0.V4", "Tyuiu.MedvedevA.Sprint3.Task0.V4\Tyuiu.MedvedevA.Sprint3.Task0.V4.csproj", "{35AEA878-85D6-495A-A4E9-2D5F868B9236}"
EndProject
Project("{FAE04EC0-301F-11D3-BF4B-00C04F79EFBC}") = "Tyuiu.MedvedevA.Sprint3.Task0.V4.Lib", "Tyuiu.MedvedevA.Sprint3.Task0.V4.Lib\Tyuiu.MedvedevA.Sprint3.Task0.V4.Lib.csproj", "{432804E4-AAA9-43D6-8310-DF7CAB641B59}"
EndProject
Project("{FAE04EC0-301F-11D3-BF4B-00C04F79EFBC}") = "Tyuiu.MedvedevA.Sprint3.Task0.V4.Test", "Tyuiu.MedvedevA.Sprint3.Task0.V4.Test\Tyuiu.MedvedevA.Sprint3.Task0.V4.Test.csproj", "{71E5740C-C147-46C9-8B6D-547D2175D9ED}"
EndProject
Project("{2150E333-8FDC-42A3-9474-1A3956D46DE8}") = "Task3", "Task3", "{410D5272-EA6C-40FE-8FC7-7B7EB34C56D0}"
EndProject
Project("{FAE04EC0-301F-11D3-BF4B-00C04F79EFBC}") = "Tyuiu.MedvedevA.Sprint3.Task3.V23", "Tyuiu.MedvedevA.Sprint3.Task3.V23\Tyuiu.MedvedevA.Sprint3.Task3.V23.csproj", "{5385A78F-F97E-4BA0-AC0E-C7E726C831E3}"
EndProject
Project("{FAE04EC0-301F-11D3-BF4B-00C04F79EFBC}") = "Tyuiu.MedvedevA.Sprint3.Task3.V23.Lib", "Tyuiu.MedvedevA.Sprint3.Task3.V23.Lib\Tyuiu.MedvedevA.Sprint3.Task3.V23.Lib.csproj", "{FA7349DE-E6E2-4E2E-B669-0C325A422594}"
EndProject
Project("{FAE04EC0-301F-11D3-BF4B-00C04F79EFBC}") = "Tyuiu.MedvedevA.Sprint3.Task3.V23.Test", "Tyuiu.MedvedevA.Sprint3.Task3.V23.Test\Tyuiu.MedvedevA.Sprint3.Task3.V23.Test.csproj", "{9EBFEE8A-13B8-41AF-9A9B-EEDD21674AF7}"
EndProject
Project("{2150E333-8FDC-42A3-9474-1A3956D46DE8}") = "Task4", "Task4", "{D0415BC8-0AE6-47D7-AD0F-E97F87ED11D9}"
EndProject
Project("{FAE04EC0-301F-11D3-BF4B-00C04F79EFBC}") = "Tyuiu.MedvedevA.Sprint3.Task4.V20", "Tyuiu.MedvedevA.Sprint3.Task4.V20\Tyuiu.MedvedevA.Sprint3.Task4.V20.csproj", "{1B98F11E-ED87-4079-B82C-7B08E72A6D8E}"
EndProject
Project("{FAE04EC0-301F-11D3-BF4B-00C04F79EFBC}") = "Tyuiu.MedvedevA.Sprint3.Task4.V20.Lib", "Tyuiu.MedvedevA.Sprint3.Task4.V20.Lib\Tyuiu.MedvedevA.Sprint3.Task4.V20.Lib.csproj", "{B3F65189-C6F8-4479-898A-AD5EC76A1461}"
EndProject
Project("{FAE04EC0-301F-11D3-BF4B-00C04F79EFBC}") = "Tyuiu.MedvedevA.Sprint3.Task4.V20.Test", "Tyuiu.MedvedevA.Sprint3.Task4.V20.Test\Tyuiu.MedvedevA.Sprint3.Task4.V20.Test.csproj", "{B19D5870-93CA-44E5-AE7D-5ED5B49497F4}"
EndProject
Project("{2150E333-8FDC-42A3-9474-1A3956D46DE8}") = "Task5", "Task5", "{343C93FA-0BDA-47D7-901E-A9355A3A35AA}"
EndProject
Project("{FAE04EC0-301F-11D3-BF4B-00C04F79EFBC}") = "Tyuiu.MedvedevA.Sprint3.Task5.V8", "Tyuiu.MedvedevA.Sprint3.Task5.V8\Tyuiu.MedvedevA.Sprint3.Task5.V8.csproj", "{D94FB90E-950A-43EA-82D9-F46E9203CA3A}"
EndProject
Project("{FAE04EC0-301F-11D3-BF4B-00C04F79EFBC}") = "Tyuiu.MedvedevA.Sprint3.Task5.V8.Lib", "Tyuiu.MedvedevA.Sprint3.Task5.V8.Lib\Tyuiu.MedvedevA.Sprint3.Task5.V8.Lib.csproj", "{6DADF41D-8F23-4330-BF69-2ED5BC909C94}"
EndProject
Project("{FAE04EC0-301F-11D3-BF4B-00C04F79EFBC}") = "Tyuiu.MedvedevA.Sprint3.Task5.V8.Test", "Tyuiu.MedvedevA.Sprint3.Task5.V8.Test\Tyuiu.MedvedevA.Sprint3.Task5.V8.Test.csproj", "{73AD5AF3-D4DE-40B5-8C45-D4D2A8736711}"
EndProject
Global
	GlobalSection(SolutionConfigurationPlatforms) = preSolution
		Debug|Any CPU = Debug|Any CPU
		Release|Any CPU = Release|Any CPU
	EndGlobalSection
	GlobalSection(ProjectConfigurationPlatforms) = postSolution
		{31CF5EEF-1E4F-41FC-A5E8-6B07352DDFC3}.Debug|Any CPU.ActiveCfg = Debug|Any CPU
		{31CF5EEF-1E4F-41FC-A5E8-6B07352DDFC3}.Debug|Any CPU.Build.0 = Debug|Any CPU
		{31CF5EEF-1E4F-41FC-A5E8-6B07352DDFC3}.Release|Any CPU.ActiveCfg = Release|Any CPU
		{31CF5EEF-1E4F-41FC-A5E8-6B07352DDFC3}.Release|Any CPU.Build.0 = Release|Any CPU
		{489D1037-13B3-4D8B-AC2A-E73E86424EF7}.Debug|Any CPU.ActiveCfg = Debug|Any CPU
		{489D1037-13B3-4D8B-AC2A-E73E86424EF7}.Debug|Any CPU.Build.0 = Debug|Any CPU
		{489D1037-13B3-4D8B-AC2A-E73E86424EF7}.Release|Any CPU.ActiveCfg = Release|Any CPU
		{489D1037-13B3-4D8B-AC2A-E73E86424EF7}.Release|Any CPU.Build.0 = Release|Any CPU
		{4D31EAE3-489F-4662-977E-62858125EC26}.Debug|Any CPU.ActiveCfg = Debug|Any CPU
		{4D31EAE3-489F-4662-977E-62858125EC26}.Debug|Any CPU.Build.0 = Debug|Any CPU
		{4D31EAE3-489F-4662-977E-62858125EC26}.Release|Any CPU.ActiveCfg = Release|Any CPU
		{4D31EAE3-489F-4662-977E-62858125EC26}.Release|Any CPU.Build.0 = Release|Any CPU
		{54FC4307-05C5-48AC-BF91-8B5602B10278}.Debug|Any CPU.ActiveCfg = Debug|Any CPU
		{54FC4307-05C5-48AC-BF91-8B5602B10278}.Debug|Any CPU.Build.0 = Debug|Any CPU
		{54FC4307-05C5-48AC-BF91-8B5602B10278}.Release|Any CPU.ActiveCfg = Release|Any CPU
		{54FC4307-05C5-48AC-BF91-8B5602B10278}.Release|Any CPU.Build.0 = Release|Any CPU
		{BEA152AB-D609-423F-8C1B-F00B306B267B}.Debug|Any CPU.ActiveCfg = Debug|Any CPU
		{BEA152AB-D609-423F-8C1B-F00B306B267B}.Debug|Any CPU.Build.0 = Debug|Any CPU
		{BEA152AB-D609-423F-8C1B-F00B306B267B}.Release|Any CPU.ActiveCfg = Release|Any CPU
		{BEA152AB-D609-423F-8C1B-F00B306B267B}.Release|Any CPU.Build.0 = Release|Any CPU
		{FE1685E0-7781-4331-AD24-3EBA49718EC0}.Debug|Any CPU.ActiveCfg = Debug|Any CPU
		{FE1685E0-7781-4331-AD24-3EBA49718EC0}.Debug|Any CPU.Build.0 = Debug|Any CPU
		{FE1685E0-7781-4331-AD24-3EBA49718EC0}.Release|Any CPU.ActiveCfg = Release|Any CPU
		{FE1685E0-7781-4331-AD24-3EBA49718EC0}.Release|Any CPU.Build.0 = Release|Any CPU
		{35AEA878-85D6-495A-A4E9-2D5F868B9236}.Debug|Any CPU.ActiveCfg = Debug|Any CPU
		{35AEA878-85D6-495A-A4E9-2D5F868B9236}.Debug|Any CPU.Build.0 = Debug|Any CPU
		{35AEA878-85D6-495A-A4E9-2D5F868B9236}.Release|Any CPU.ActiveCfg = Release|Any CPU
		{35AEA878-85D6-495A-A4E9-2D5F868B9236}.Release|Any CPU.Build.0 = Release|Any CPU
		{432804E4-AAA9-43D6-8310-DF7CAB641B59}.Debug|Any CPU.ActiveCfg = Debug|Any CPU
		{432804E4-AAA9-43D6-8310-DF7CAB641B59}.Debug|Any CPU.Build.0 = Debug|Any CPU
		{432804E4-AAA9-43D6-8310-DF7CAB641B59}.Release|Any CPU.ActiveCfg = Release|Any CPU
		{432804E4-AAA9-43D6-8310-DF7CAB641B59}.Release|Any CPU.Build.0 = Release|Any CPU
		{71E5740C-C147-46C9-8B6D-547D2175D9ED}.Debug|Any CPU.ActiveCfg = Debug|Any CPU
		{71E5740C-C147-46C9-8B6D-547D2175D9ED}.Debug|Any CPU.Build.0 = Debug|Any CPU
		{71E5740C-C147-46C9-8B6D-547D2175D9ED}.Release|Any CPU.ActiveCfg = Release|Any CPU
		{71E5740C-C147-46C9-8B6D-547D2175D9ED}.Release|Any CPU.Build.0 = Release|Any CPU
		{5385A78F-F97E-4BA0-AC0E-C7E726C831E3}.Debug|Any CPU.ActiveCfg = Debug|Any CPU
		{5385A78F-F97E-4BA0-AC0E-C7E726C831E3}.Debug|Any CPU.Build.0 = Debug|Any CPU
		{5385A78F-F97E-4BA0-AC0E-C7E726C831E3}.Release|Any CPU.ActiveCfg = Release|Any CPU
		{5385A78F-F97E-4BA0-AC0E-C7E726C831E3}.Release|Any CPU.Build.0 = Release|Any CPU
		{FA7349DE-E6E2-4E2E-B669-0C325A422594}.Debug|Any CPU.ActiveCfg = Debug|Any CPU
		{FA7349DE-E6E2-4E2E-B669-0C325A422594}.Debug|Any CPU.Build.0 = Debug|Any CPU
		{FA7349DE-E6E2-4E2E-B669-0C325A422594}.Release|Any CPU.ActiveCfg = Release|Any CPU
		{FA7349DE-E6E2-4E2E-B669-0C325A422594}.Release|Any CPU.Build.0 = Release|Any CPU
		{9EBFEE8A-13B8-41AF-9A9B-EEDD21674AF7}.Debug|Any CPU.ActiveCfg = Debug|Any CPU
		{9EBFEE8A-13B8-41AF-9A9B-EEDD21674AF7}.Debug|Any CPU.Build.0 = Debug|Any CPU
		{9EBFEE8A-13B8-41AF-9A9B-EEDD21674AF7}.Release|Any CPU.ActiveCfg = Release|Any CPU
		{9EBFEE8A-13B8-41AF-9A9B-EEDD21674AF7}.Release|Any CPU.Build.0 = Release|Any CPU
		{1B98F11E-ED87-4079-B82C-7B08E72A6D8E}.Debug|Any CPU.ActiveCfg = Debug|Any CPU
		{1B98F11E-ED87-4079-B82C-7B08E72A6D8E}.Debug|Any CPU.Build.0 = Debug|Any CPU
		{1B98F11E-ED87-4079-B82C-7B08E72A6D8E}.Release|Any CPU.ActiveCfg = Release|Any CPU
		{1B98F11E-ED87-4079-B82C-7B08E72A6D8E}.Release|Any CPU.Build.0 = Release|Any CPU
		{B3F65189-C6F8-4479-898A-AD5EC76A1461}.Debug|Any CPU.ActiveCfg = Debug|Any CPU
		{B3F65189-C6F8-4479-898A-AD5EC76A1461}.Debug|Any CPU.Build.0 = Debug|Any CPU
		{B3F65189-C6F8-4479-898A-AD5EC76A1461}.Release|Any CPU.ActiveCfg = Release|Any CPU
		{B3F65189-C6F8-4479-898A-AD5EC76A1461}.Release|Any CPU.Build.0 = Release|Any CPU
		{B19D5870-93CA-44E5-AE7D-5ED5B49497F4}.Debug|Any CPU.ActiveCfg = Debug|Any CPU
		{B19D5870-93CA-44E5-AE7D-5ED5B49497F4}.Debug|Any CPU.Build.0 = Debug|Any CPU
		{B19D5870-93CA-44E5-AE7D-5ED5B49497F4}.Release|Any CPU.ActiveCfg = Release|Any CPU
		{B19D5870-93CA-44E5-AE7D-5ED5B49497F4}.Release|Any CPU.Build.0 = Release|Any CPU
		{D94FB90E-950A-43EA-82D9-F46E9203CA3A}.Debug|Any CPU.ActiveCfg = Debug|Any CPU
		{D94FB90E-950A-43EA-82D9-F46E9203CA3A}.Debug|Any CPU.Build.0 = Debug|Any CPU
		{D94FB90E-950A-43EA-82D9-F46E9203CA3A}.Release|Any CPU.ActiveCfg = Release|Any CPU
		{D94FB90E-950A-43EA-82D9-F46E9203CA3A}.Release|Any CPU.Build.0 = Release|Any CPU
		{6DADF41D-8F23-4330-BF69-2ED5BC909C94}.Debug|Any CPU.ActiveCfg = Debug|Any CPU
		{6DADF41D-8F23-4330-BF69-2ED5BC909C94}.Debug|Any CPU.Build.0 = Debug|Any CPU
		{6DADF41D-8F23-4330-BF69-2ED5BC909C94}.Release|Any CPU.ActiveCfg = Release|Any CPU
		{6DADF41D-8F23-4330-BF69-2ED5BC909C94}.Release|Any CPU.Build.0 = Release|Any CPU
		{73AD5AF3-D4DE-40B5-8C45-D4D2A8736711}.Debug|Any CPU.ActiveCfg = Debug|Any CPU
		{73AD5AF3-D4DE-40B5-8C45-D4D2A8736711}.Debug|Any CPU.Build.0 = Debug|Any CPU
		{73AD5AF3-D4DE-40B5-8C45-D4D2A8736711}.Release|Any CPU.ActiveCfg = Release|Any CPU
		{73AD5AF3-D4DE-40B5-8C45-D4D2A8736711}.Release|Any CPU.Build.0 = Release|Any CPU
	EndGlobalSection
	GlobalSection(SolutionProperties) = preSolution
		HideSolutionNode = FALSE
	EndGlobalSection
	GlobalSection(NestedProjects) = preSolution
		{31CF5EEF-1E4F-41FC-A5E8-6B07352DDFC3} = {683325F5-8AE8-41DB-8653-172247FEDBEF}
		{489D1037-13B3-4D8B-AC2A-E73E86424EF7} = {683325F5-8AE8-41DB-8653-172247FEDBEF}
		{4D31EAE3-489F-4662-977E-62858125EC26} = {683325F5-8AE8-41DB-8653-172247FEDBEF}
		{54FC4307-05C5-48AC-BF91-8B5602B10278} = {75B0DD28-2B67-4195-99DF-081BEA498B33}
		{BEA152AB-D609-423F-8C1B-F00B306B267B} = {75B0DD28-2B67-4195-99DF-081BEA498B33}
		{FE1685E0-7781-4331-AD24-3EBA49718EC0} = {75B0DD28-2B67-4195-99DF-081BEA498B33}
		{35AEA878-85D6-495A-A4E9-2D5F868B9236} = {9FCD9B38-DCFF-4962-B0B9-DD8192F4F607}
		{432804E4-AAA9-43D6-8310-DF7CAB641B59} = {9FCD9B38-DCFF-4962-B0B9-DD8192F4F607}
		{71E5740C-C147-46C9-8B6D-547D2175D9ED} = {9FCD9B38-DCFF-4962-B0B9-DD8192F4F607}
		{5385A78F-F97E-4BA0-AC0E-C7E726C831E3} = {410D5272-EA6C-40FE-8FC7-7B7EB34C56D0}
		{FA7349DE-E6E2-4E2E-B669-0C325A422594} = {410D5272-EA6C-40FE-8FC7-7B7EB34C56D0}
		{9EBFEE8A-13B8-41AF-9A9B-EEDD21674AF7} = {410D5272-EA6C-40FE-8FC7-7B7EB34C56D0}
		{1B98F11E-ED87-4079-B82C-7B08E72A6D8E} = {D0415BC8-0AE6-47D7-AD0F-E97F87ED11D9}
		{B3F65189-C6F8-4479-898A-AD5EC76A1461} = {D0415BC8-0AE6-47D7-AD0F-E97F87ED11D9}
		{B19D5870-93CA-44E5-AE7D-5ED5B49497F4} = {D0415BC8-0AE6-47D7-AD0F-E97F87ED11D9}
		{D94FB90E-950A-43EA-82D9-F46E9203CA3A} = {343C93FA-0BDA-47D7-901E-A9355A3A35AA}
		{6DADF41D-8F23-4330-BF69-2ED5BC909C94} = {343C93FA-0BDA-47D7-901E-A9355A3A35AA}
		{73AD5AF3-D4DE-40B5-8C45-D4D2A8736711} = {343C93FA-0BDA-47D7-901E-A9355A3A35AA}
	EndGlobalSection
	GlobalSection(ExtensibilityGlobals) = postSolution
		SolutionGuid = {9A79A86D-CE31-4722-9BFC-321518BFCED8}
	EndGlobalSection
EndGlobal
